
Microsoft Visual Studio Solution File, Format Version 12.00
# Visual Studio Version 17
VisualStudioVersion = 17.7.34302.85
MinimumVisualStudioVersion = 10.0.40219.1
Project("{FAE04EC0-301F-11D3-BF4B-00C04F79EFBC}") = "UIPrintilanApp", "UIPrintilanApp.csproj", "{CC9CB713-C682-44B7-B693-B6DFE56E4ADC}"
EndProject
Global
	GlobalSection(SolutionConfigurationPlatforms) = preSolution
		Debug|Any CPU = Debug|Any CPU
		Release|Any CPU = Release|Any CPU
	EndGlobalSection
	GlobalSection(ProjectConfigurationPlatforms) = postSolution
		{CC9CB713-C682-44B7-B693-B6DFE56E4ADC}.Debug|Any CPU.ActiveCfg = Debug|Any CPU
		{CC9CB713-C682-44B7-B693-B6DFE56E4ADC}.Debug|Any CPU.Build.0 = Debug|Any CPU
		{CC9CB713-C682-44B7-B693-B6DFE56E4ADC}.Release|Any CPU.ActiveCfg = Release|Any CPU
		{CC9CB713-C682-44B7-B693-B6DFE56E4ADC}.Release|Any CPU.Build.0 = Release|Any CPU
	EndGlobalSection
	GlobalSection(SolutionProperties) = preSolution
		HideSolutionNode = FALSE
	EndGlobalSection
	GlobalSection(ExtensibilityGlobals) = postSolution
		SolutionGuid = {019881A8-E6A9-4037-BB35-B5474D682AD4}
	EndGlobalSection
EndGlobal
